Microsoft Visual Studio Solution File, Format Version 12.00
# Visual Studio Version 17
VisualStudioVersion = 17.5.2.0
MinimumVisualStudioVersion = 10.0.40219.1
Project("{FAE04EC0-301F-11D3-BF4B-00C04F79EFBC}") = "JoyeriaBackend", "joyeria-backend\JoyeriaBackend.csproj", "{DAE50A89-409D-6A7C-57FC-6602E78EB228}"
EndProject
Global
	GlobalSection(SolutionConfigurationPlatforms) = preSolution
		Debug|Any CPU = Debug|Any CPU
		Release|Any CPU = Release|Any CPU
	EndGlobalSection
	GlobalSection(ProjectConfigurationPlatforms) = postSolution
		{DAE50A89-409D-6A7C-57FC-6602E78EB228}.Debug|Any CPU.ActiveCfg = Debug|Any CPU
		{DAE50A89-409D-6A7C-57FC-6602E78EB228}.Debug|Any CPU.Build.0 = Debug|Any CPU
		{DAE50A89-409D-6A7C-57FC-6602E78EB228}.Release|Any CPU.ActiveCfg = Release|Any CPU
		{DAE50A89-409D-6A7C-57FC-6602E78EB228}.Release|Any CPU.Build.0 = Release|Any CPU
	EndGlobalSection
	GlobalSection(SolutionProperties) = preSolution
		HideSolutionNode = FALSE
	EndGlobalSection
	GlobalSection(ExtensibilityGlobals) = postSolution
		SolutionGuid = {A1C29E6F-7E18-476A-9D3A-79E06500AF6F}
	EndGlobalSection
EndGlobal
